// !$*UTF8*$!
{
	archiveVersion = 1;
	classes = {
	};
	objectVersion = 77;
	objects = {

/* Begin PBXBuildFile section */
		018DEF4BD8371867B9948186 /* TranslationTextNormalizer.swift in Sources */ = {isa = PBXBuildFile; fileRef = 18E287D38C24C68E00F50B1B /* TranslationTextNormalizer.swift */; };
		02EF0D00BFBACD2FD5EB9A98 /* TranslationPanelController.swift in Sources */ = {isa = PBXBuildFile; fileRef = 41B966A1D5F567119371D2A6 /* TranslationPanelController.swift */; };
		044C8B4E7CD9F12623022A25 /* TranslationPanelPosition.swift in Sources */ = {isa = PBXBuildFile; fileRef = 8B1C600B4594EF42D21A39C6 /* TranslationPanelPosition.swift */; };
		06A8B4CA704849FF3FF39441 /* TranslationProviderConfigurationTests.swift in Sources */ = {isa = PBXBuildFile; fileRef = EFDDAB013A94CD551A257935 /* TranslationProviderConfigurationTests.swift */; };
		071C0FA4C0C9F6F56115C5C5 /* ReviewReminderMonitor.swift in Sources */ = {isa = PBXBuildFile; fileRef = 6C0375BFD3A789A9355A2D13 /* ReviewReminderMonitor.swift */; };
		0BF1D32879F653816920DC38 /* SpeechPlaying.swift in Sources */ = {isa = PBXBuildFile; fileRef = 8E1BCBA5EB2560D666584CA7 /* SpeechPlaying.swift */; };
		1002003979B8288719372594 /* TodayReviewView.swift in Sources */ = {isa = PBXBuildFile; fileRef = 6E0ABAFDFDC4B32274AB24A0 /* TodayReviewView.swift */; };
		12B658848E4A3253A0CA5979 /* SwiftDataLearningStore.swift in Sources */ = {isa = PBXBuildFile; fileRef = 3B9AD4FA6759148ACAC9F430 /* SwiftDataLearningStore.swift */; };
		13E2910289DCDD3E9A651B6B /* TranslationShortcutStoring.swift in Sources */ = {isa = PBXBuildFile; fileRef = 9F2BD06914FCAEF21362D3BA /* TranslationShortcutStoring.swift */; };
		1890CA62F7A9E03CF2DC5E2B /* UserDefaultsSentenceCardConfigurationStore.swift in Sources */ = {isa = PBXBuildFile; fileRef = 9C17BAA9811F5ACF5D6C6BA7 /* UserDefaultsSentenceCardConfigurationStore.swift */; };
		1ADA6AA4A1EBA7E5ECABA6D1 /* ReviewReminderScheduleTests.swift in Sources */ = {isa = PBXBuildFile; fileRef = B78F39F9180371FA772AB600 /* ReviewReminderScheduleTests.swift */; };
		1D068A08DC004EAF0346E8D0 /* InMemoryTranslationCacheStore.swift in Sources */ = {isa = PBXBuildFile; fileRef = B2D7D4A04CAA11570C8CADBA /* InMemoryTranslationCacheStore.swift */; };
		1FB354F789FB9A3F5034C349 /* SystemSelectionEventMonitor.swift in Sources */ = {isa = PBXBuildFile; fileRef = 17DC4D9CDBDF6CD4445B1596 /* SystemSelectionEventMonitor.swift */; };
		23CD73E311B3F577AFA45E64 /* TranslationCacheStoring.swift in Sources */ = {isa = PBXBuildFile; fileRef = 9E4265F13B01628E06FE8DF1 /* TranslationCacheStoring.swift */; };
		276473CFB419F923C4BDBD80 /* GlobalShortcutMonitor.swift in Sources */ = {isa = PBXBuildFile; fileRef = 5B489B17CCC07FB23961B83A /* GlobalShortcutMonitor.swift */; };
		28368906A01C219296FE0F54 /* LanguageAndSpeechPreferencesStoreTests.swift in Sources */ = {isa = PBXBuildFile; fileRef = FC301A9843F17C3F82994E40 /* LanguageAndSpeechPreferencesStoreTests.swift */; };
		28418C46789B0B7AB5722AE6 /* TranStudyApplicationDelegate.swift in Sources */ = {isa = PBXBuildFile; fileRef = 8FA5B6BED7A5892CBEF9C48E /* TranStudyApplicationDelegate.swift */; };
		2D5E68D8B26E493F2C07FF38 /* DailyReviewQueueBuilder.swift in Sources */ = {isa = PBXBuildFile; fileRef = AD19C73D0303A99267C7149C /* DailyReviewQueueBuilder.swift */; };
		2E70A880215999424C2BF70B /* InitialPreparationView.swift in Sources */ = {isa = PBXBuildFile; fileRef = FA42154046F39513A93E8B44 /* InitialPreparationView.swift */; };
		2F0C850E5EF0B4C0C5258038 /* DesignSystem.swift in Sources */ = {isa = PBXBuildFile; fileRef = 47B05F425B1609D79265A448 /* DesignSystem.swift */; };
		2FEAAD419AF3CE52E174670A /* APIKeyStoring.swift in Sources */ = {isa = PBXBuildFile; fileRef = 48241DB06ACAAE69985BD80E /* APIKeyStoring.swift */; };
		329386AC006DB02F7AD0CAFF /* UserDefaultsLanguageAndSpeechPreferencesStore.swift in Sources */ = {isa = PBXBuildFile; fileRef = AA038E623D46BF1FBE2876E2 /* UserDefaultsLanguageAndSpeechPreferencesStore.swift */; };
		32DA080720FAA12B229B7033 /* FileDiagnosticLogStore.swift in Sources */ = {isa = PBXBuildFile; fileRef = 918F357B179A221F999D70A1 /* FileDiagnosticLogStore.swift */; };
		348B1B90B1BF7906020D5DBD /* SelectionInteractionControllerTests.swift in Sources */ = {isa = PBXBuildFile; fileRef = C26EDB12D53F4BB00D89F9EB /* SelectionInteractionControllerTests.swift */; };
		372D1F7B74290F5E47C4C3C8 /* ApplicationEnvironment.swift in Sources */ = {isa = PBXBuildFile; fileRef = 01DEC940DB22AFA858DA3B0F /* ApplicationEnvironment.swift */; };
		3C58F0DB60FABCE9532F5DC6 /* LanguageAndSpeechPreferences.swift in Sources */ = {isa = PBXBuildFile; fileRef = 08EAE6B2DE1E20EB372CA3B9 /* LanguageAndSpeechPreferences.swift */; };
		3CE192DE6D4F7A6BE28E0C70 /* SelectionInteractionController.swift in Sources */ = {isa = PBXBuildFile; fileRef = 2D80D74ACAD1EE8D4CDBE04F /* SelectionInteractionController.swift */; };
		3D07EAE932BE1141946A4198 /* TranslationConnectionTesting.swift in Sources */ = {isa = PBXBuildFile; fileRef = A6935DF92E5E4BAF4D1C5285 /* TranslationConnectionTesting.swift */; };
		3FEE9E04446231BEADB9A0D1 /* HTTPDataLoading.swift in Sources */ = {isa = PBXBuildFile; fileRef = F045DE99B91697C02E17E20B /* HTTPDataLoading.swift */; };
		42E1F60DF69512D1A4982A16 /* PreparationStateStoring.swift in Sources */ = {isa = PBXBuildFile; fileRef = 1CF79C69333D5A17EB44A86F /* PreparationStateStoring.swift */; };
		43B4B734B604895259934B17 /* SelectionSentenceContext.swift in Sources */ = {isa = PBXBuildFile; fileRef = 7BE84DC09C1B9852BA4B7B22 /* SelectionSentenceContext.swift */; };
		4416F9FEFCB230F634CC85D1 /* ApplicationLifecycleTests.swift in Sources */ = {isa = PBXBuildFile; fileRef = 168D7D41B32B163C90782A1C /* ApplicationLifecycleTests.swift */; };
		4523BC113F86F61BFFEFE392 /* AppLocalization.swift in Sources */ = {isa = PBXBuildFile; fileRef = C2803330DBDEA51E97533D14 /* AppLocalization.swift */; };
		45AD6E5D2E067FE51C723B4D /* ApplicationShell.swift in Sources */ = {isa = PBXBuildFile; fileRef = BC58A44C46D02F739F637EEF /* ApplicationShell.swift */; };
		47FECDCE68B419E03245C4A0 /* ConfiguredTranslationServiceTests.swift in Sources */ = {isa = PBXBuildFile; fileRef = 840AC99294DED14888CA4322 /* ConfiguredTranslationServiceTests.swift */; };
		4B412C92C935E46F0BF7420D /* UpdateChecking.swift in Sources */ = {isa = PBXBuildFile; fileRef = F4EB3FDCA26C888758B2612B /* UpdateChecking.swift */; };
		4F0360E5D629952A4BF60F8A /* ConfiguredTranslationService.swift in Sources */ = {isa = PBXBuildFile; fileRef = E74E0B6A188D1D0D69EAD122 /* ConfiguredTranslationService.swift */; };
		55143423C0937B57109AC6B7 /* LearningCustomExampleRecord.swift in Sources */ = {isa = PBXBuildFile; fileRef = AF0BF09CC14F614FF2F26142 /* LearningCustomExampleRecord.swift */; };
		584A63660E7D0058D8011979 /* KeychainAPIKeyStore.swift in Sources */ = {isa = PBXBuildFile; fileRef = 93491B3DF2455B2CED6EB38E /* KeychainAPIKeyStore.swift */; };
		5A0059377093C5088B0B2E35 /* UserDefaultsTranslationPanelPositionStore.swift in Sources */ = {isa = PBXBuildFile; fileRef = 54220E6249BBBCCD2010ADBB /* UserDefaultsTranslationPanelPositionStore.swift */; };
		5E04BA3FB10AD85ABC18B555 /* LongTextTranslationView.swift in Sources */ = {isa = PBXBuildFile; fileRef = 6D37C8698D06245D407055E4 /* LongTextTranslationView.swift */; };
		5EC6737A5DF63A0B1DE00146 /* ReviewReminderMonitorTests.swift in Sources */ = {isa = PBXBuildFile; fileRef = 00DF6DAE5933C308DFECC564 /* ReviewReminderMonitorTests.swift */; };
		61C128AAD67D5F92F3436D73 /* SwiftDataLearningStoreTests.swift in Sources */ = {isa = PBXBuildFile; fileRef = 2301BC5DCDA1295502BC91BC /* SwiftDataLearningStoreTests.swift */; };
		62FC5A87AE99346C96701020 /* ClipboardReading.swift in Sources */ = {isa = PBXBuildFile; fileRef = DA85BFDAE6E5D3B7869595C3 /* ClipboardReading.swift */; };
		64084A34512E4EA7D5D73FD0 /* OpenAIChatTranslationClient.swift in Sources */ = {isa = PBXBuildFile; fileRef = F3AF1E9DF32FA8F069DFE556 /* OpenAIChatTranslationClient.swift */; };
		677D4E83E1506EBD0C39E17C /* SelectionProviding.swift in Sources */ = {isa = PBXBuildFile; fileRef = C8804912B880D366482CEF64 /* SelectionProviding.swift */; };
		6872915A60670605AA77624C /* ApplicationCoordinator.swift in Sources */ = {isa = PBXBuildFile; fileRef = 4D63D38A43EBE4E98305C497 /* ApplicationCoordinator.swift */; };
		6D9AC012DA735C61A1420CF4 /* OpenAICompatibleTranslationProviderTests.swift in Sources */ = {isa = PBXBuildFile; fileRef = 1D681D142094206B09400C9F /* OpenAICompatibleTranslationProviderTests.swift */; };
		6E4E19706DF0C6E340819F4C /* PreparationAuthorizationStatus.swift in Sources */ = {isa = PBXBuildFile; fileRef = 32CC39E341951F8FA3BAF36B /* PreparationAuthorizationStatus.swift */; };
		6F446FC0C62464D89F3B8C4A /* TranslationPanelPositionStoring.swift in Sources */ = {isa = PBXBuildFile; fileRef = 27A499FF37BA0EBF7FA1FCB1 /* TranslationPanelPositionStoring.swift */; };
		71B0CB64D53D1533D2D1EDD8 /* TranslationCacheStoreTests.swift in Sources */ = {isa = PBXBuildFile; fileRef = 01410761EE739EA302307FDB /* TranslationCacheStoreTests.swift */; };
		71D2B93D557A47C6353B2BFD /* SelectionSentenceContextTests.swift in Sources */ = {isa = PBXBuildFile; fileRef = E73DCFDEBD4D804650233C38 /* SelectionSentenceContextTests.swift */; };
		71EFD253EE23425C3CAA86EA /* DiagnosticLogging.swift in Sources */ = {isa = PBXBuildFile; fileRef = C2FBE01DE222F6997899416E /* DiagnosticLogging.swift */; };
		75DE687C346605A5601B1C19 /* ReviewReminderSchedule.swift in Sources */ = {isa = PBXBuildFile; fileRef = E9E85EEFBB17F23408F30616 /* ReviewReminderSchedule.swift */; };
		7693AC2652C4C99CA127B87F /* TranslationServiceSetupView.swift in Sources */ = {isa = PBXBuildFile; fileRef = A7692C004ACB773D85847B16 /* TranslationServiceSetupView.swift */; };
		77E862F9DB3B5D2061E4B78C /* DailyReviewQueueBuilderTests.swift in Sources */ = {isa = PBXBuildFile; fileRef = B98CE2679ABF75913F452472 /* DailyReviewQueueBuilderTests.swift */; };
		7817D6097D26AC41BFE830EF /* LanguageAndSpeechPreferencesStoring.swift in Sources */ = {isa = PBXBuildFile; fileRef = 26CC690BDB5024386A008977 /* LanguageAndSpeechPreferencesStoring.swift */; };
		7839DEBA2C757499FEB529E6 /* FileTranslationCacheStore.swift in Sources */ = {isa = PBXBuildFile; fileRef = 17BE30085B3E542EBAA70D66 /* FileTranslationCacheStore.swift */; };
		7CC518EB0F1D77B98C07E3B8 /* UserDefaultsTranslationShortcutStore.swift in Sources */ = {isa = PBXBuildFile; fileRef = 53117D8CA78643C2E15E1ABC /* UserDefaultsTranslationShortcutStore.swift */; };
		8156F0FBB03325CB554344A3 /* ReviewNotifying.swift in Sources */ = {isa = PBXBuildFile; fileRef = 85F0ABB45046E453F49E09F0 /* ReviewNotifying.swift */; };
		833F58D6913BBE884FB2F816 /* TranStudyMenuBarView.swift in Sources */ = {isa = PBXBuildFile; fileRef = B2C57CF853032E50F7585A2C /* TranStudyMenuBarView.swift */; };
		837A3D7CE7D992EB6D87BE3A /* LearningStoreLocationTests.swift in Sources */ = {isa = PBXBuildFile; fileRef = 46BE6F842A400F7C618766A7 /* LearningStoreLocationTests.swift */; };
		860F99390DBEE14A5C589220 /* SelectionControlPrivacyPolicyTests.swift in Sources */ = {isa = PBXBuildFile; fileRef = A6CDE06FF6539F55A85447EE /* SelectionControlPrivacyPolicyTests.swift */; };
		88821573FEF25770D94B02B0 /* TranslationProviderConfigurationStoring.swift in Sources */ = {isa = PBXBuildFile; fileRef = C8BE5C0264C96192636A7296 /* TranslationProviderConfigurationStoring.swift */; };
		8B6979F4F5A3A20BA36794BA /* DeepSeekTranslationProvider.swift in Sources */ = {isa = PBXBuildFile; fileRef = C4B090391F21377B9C6570B1 /* DeepSeekTranslationProvider.swift */; };
		8CF8A45D3CD198BACDAFBF50 /* SelectionConfigurationStoring.swift in Sources */ = {isa = PBXBuildFile; fileRef = 83124F4711414F1ACE428F16 /* SelectionConfigurationStoring.swift */; };
		8DCE62A0B435A7320F9FF897 /* JSONFileDocument.swift in Sources */ = {isa = PBXBuildFile; fileRef = 12B58481EB43665280DA0ABE /* JSONFileDocument.swift */; };
		8F59F4365F9465CD580EB45E /* ApplicationShellTests.swift in Sources */ = {isa = PBXBuildFile; fileRef = 4D3DF5A919583DACB3C3F2C6 /* ApplicationShellTests.swift */; };
		93C0518F888C7F59DC03D74B /* PreviewSupport.swift in Sources */ = {isa = PBXBuildFile; fileRef = E2D9430F5290004481CBD408 /* PreviewSupport.swift */; };
		94CE3905FC4A00F9545A9621 /* DateProviding.swift in Sources */ = {isa = PBXBuildFile; fileRef = E73251EDC99994FB0D3DA3EA /* DateProviding.swift */; };
		9822A5C329E61A7B552B74D3 /* DebugEnvironmentAPIKeyStore.swift in Sources */ = {isa = PBXBuildFile; fileRef = B0BDB21DE5F588FBC1EFD744 /* DebugEnvironmentAPIKeyStore.swift */; };
		9A7E88D16CE523212E1603A1 /* OpenAICompatibleTranslationProvider.swift in Sources */ = {isa = PBXBuildFile; fileRef = EA2D9FF9E7D759F233ACB5DA /* OpenAICompatibleTranslationProvider.swift */; };
		9DF9AC464E6A65F90276F135 /* DebugEnvironmentAPIKeyStoreTests.swift in Sources */ = {isa = PBXBuildFile; fileRef = 37A14EFDAED5A88AD69E8876 /* DebugEnvironmentAPIKeyStoreTests.swift */; };
		9F330A62B857FB643842E05C /* RootView.swift in Sources */ = {isa = PBXBuildFile; fileRef = 8BBEFAB9A84D61EA7850826A /* RootView.swift */; };
		9FB05A1CC653926C04F60176 /* TranslationPanelView.swift in Sources */ = {isa = PBXBuildFile; fileRef = 1B2332215B11112DCD342C24 /* TranslationPanelView.swift */; };
		A17C70D4400CC2C0841F8DCC /* SystemAccessibilityAuthorizer.swift in Sources */ = {isa = PBXBuildFile; fileRef = 0385CAB2D40DE27E96DA6336 /* SystemAccessibilityAuthorizer.swift */; };
		A1EE03E0CFFCA2BFDD311541 /* LearningStoring.swift in Sources */ = {isa = PBXBuildFile; fileRef = FDF1A6468F5A38FB8643441B /* LearningStoring.swift */; };
		A1F4BDF8283277A2439906C1 /* UserDefaultsPreparationStateStore.swift in Sources */ = {isa = PBXBuildFile; fileRef = 9ED465FA4FA58F7386460CBE /* UserDefaultsPreparationStateStore.swift */; };
		A551A9D557CDF6AAD5541542 /* SystemUpdateChecker.swift in Sources */ = {isa = PBXBuildFile; fileRef = 43E53CB8B638AB399CF642CA /* SystemUpdateChecker.swift */; };
		A58C2D5BD0E45599281AB9F3 /* Sparkle in Frameworks */ = {isa = PBXBuildFile; productRef = 2ABBA5A350DF7E525851BA1B /* Sparkle */; };
		A6F15399CA10D794D7B5B072 /* AccessibilityAuthorizing.swift in Sources */ = {isa = PBXBuildFile; fileRef = CA5D2DF706CCBFEC0F010A86 /* AccessibilityAuthorizing.swift */; };
		A76D820347D2D2AFEC2890B9 /* LearningRecord.swift in Sources */ = {isa = PBXBuildFile; fileRef = 84E8389C189D488477B36DB5 /* LearningRecord.swift */; };
		AC3279EDA5FAB648208A92A9 /* DiagnosticLogStoreTests.swift in Sources */ = {isa = PBXBuildFile; fileRef = 4EEE85F9735809ED9CD92FA0 /* DiagnosticLogStoreTests.swift */; };
		AE362D87A755D987E198302D /* LearningEncounterRecord.swift in Sources */ = {isa = PBXBuildFile; fileRef = 0107B42BEC4FF8B96FE60E43 /* LearningEncounterRecord.swift */; };
		B285870C915EA43E0DF6CFD6 /* TranStudyApp.swift in Sources */ = {isa = PBXBuildFile; fileRef = 571B54B2E6D38AF604F0A9CF /* TranStudyApp.swift */; };
		B2C27B8FF85F6DDA62E9D246 /* UserDefaultsReviewReminderConfigurationStore.swift in Sources */ = {isa = PBXBuildFile; fileRef = 1093EEE58D21A15DBE04BED3 /* UserDefaultsReviewReminderConfigurationStore.swift */; };
		B505F81E9E4C381CA14257CB /* SystemLoginItemController.swift in Sources */ = {isa = PBXBuildFile; fileRef = AD86F07513671D7779208523 /* SystemLoginItemController.swift */; };
		B55E59D42C66F3A600843EC8 /* LearningStoreLocation.swift in Sources */ = {isa = PBXBuildFile; fileRef = B595ED56E0BC50B34B32B21F /* LearningStoreLocation.swift */; };
		B64A33485150F63433B22B49 /* LoginItemControlling.swift in Sources */ = {isa = PBXBuildFile; fileRef = 7BE5A9F38FC1A60D1EDB9DEB /* LoginItemControlling.swift */; };
		B673B7C619B55B391532CE34 /* UserDefaultsSelectionConfigurationStore.swift in Sources */ = {isa = PBXBuildFile; fileRef = 750FA4507656C9EEDC4A7999 /* UserDefaultsSelectionConfigurationStore.swift */; };
		B8CB94CCB664DFF18D8F5E41 /* Assets.xcassets in Resources */ = {isa = PBXBuildFile; fileRef = 81A266B23E770317BA37F1EC /* Assets.xcassets */; };
		B9248E258528A907B24A2AB0 /* DeepSeekTranslationProviderTests.swift in Sources */ = {isa = PBXBuildFile; fileRef = 0024E9DFCF4F67D5F18251B6 /* DeepSeekTranslationProviderTests.swift */; };
		B9D8BEF5D238880E2DDBC509 /* Localizable.strings in Resources */ = {isa = PBXBuildFile; fileRef = D15F00EF85EFFEB66C1518F1 /* Localizable.strings */; };
		BBAB3FF1E0F52DFA2ED70554 /* SystemReviewNotifier.swift in Sources */ = {isa = PBXBuildFile; fileRef = 24E8EFBBBE46D8EE3E8A3EFA /* SystemReviewNotifier.swift */; };
		BFCDA145C5497BCFD1064143 /* AccessibilitySelectionProvider.swift in Sources */ = {isa = PBXBuildFile; fileRef = 9192A6C8D05ED156124578C3 /* AccessibilitySelectionProvider.swift */; };
		C2BC3AA1DAD8ECEA07500E91 /* ReviewReminderConfigurationStoreTests.swift in Sources */ = {isa = PBXBuildFile; fileRef = 0E6A2510EA1EBFD2CD7850E8 /* ReviewReminderConfigurationStoreTests.swift */; };
		C48521A41BA4DB895E89B06C /* SelectionIndicatorController.swift in Sources */ = {isa = PBXBuildFile; fileRef = 8632578C1137A2F169CC074F /* SelectionIndicatorController.swift */; };
		C573E5946B00EF714EFA1131 /* SentenceCardConfigurationStoring.swift in Sources */ = {isa = PBXBuildFile; fileRef = 5F71CCD90B2FF9FF1E9E09FC /* SentenceCardConfigurationStoring.swift */; };
		C6EE2787EB58DB6C18860EB6 /* TranslationDraft.swift in Sources */ = {isa = PBXBuildFile; fileRef = EAD0603928223B27E98B195D /* TranslationDraft.swift */; };
		C7462FE9E4B8B84101F2DF43 /* TranslationProviding.swift in Sources */ = {isa = PBXBuildFile; fileRef = 5B52673DF7E3FC2AA53FED9A /* TranslationProviding.swift */; };
		CC4CFB5B0FD46AA01BB62F7D /* URLSessionHTTPClient.swift in Sources */ = {isa = PBXBuildFile; fileRef = CF92D92AA7B9E9BBB09655AB /* URLSessionHTTPClient.swift */; };
		CEBCE73820531D012DE408B7 /* SelectionControlPrivacyPolicy.swift in Sources */ = {isa = PBXBuildFile; fileRef = 778724745215360323F3F38F /* SelectionControlPrivacyPolicy.swift */; };
		CFCB5C16A568BA97C7B592F5 /* LearningLibraryView.swift in Sources */ = {isa = PBXBuildFile; fileRef = 813136C4D5EE2C9238A3B45C /* LearningLibraryView.swift */; };
		D55EAEF2B2036470C899AB9B /* UserDefaultsTranslationProviderConfigurationStore.swift in Sources */ = {isa = PBXBuildFile; fileRef = E421369785FC34DFCFA96402 /* UserDefaultsTranslationProviderConfigurationStore.swift */; };
		D7EB2E47DE12E4DA4AFF28E3 /* TranslationProviderConfiguration.swift in Sources */ = {isa = PBXBuildFile; fileRef = 0EDFA17B8138F7B3A2FC49ED /* TranslationProviderConfiguration.swift */; };
		D9203CDCF3BE600884219E67 /* ReviewEventRecord.swift in Sources */ = {isa = PBXBuildFile; fileRef = 29D89020FC50C5D7B244ADBA /* ReviewEventRecord.swift */; };
		E0195B15A368189D610EE566 /* TranslationPanelPositionTests.swift in Sources */ = {isa = PBXBuildFile; fileRef = A1D258F951539CAA01183633 /* TranslationPanelPositionTests.swift */; };
		E1D909B06294062EFA7FF5A7 /* SystemSpeechPlayer.swift in Sources */ = {isa = PBXBuildFile; fileRef = 0D753284A34D16933C313ACD /* SystemSpeechPlayer.swift */; };
		E3ED3CE74BB7A744BFAA37B6 /* LearningDataArchive.swift in Sources */ = {isa = PBXBuildFile; fileRef = BD1BEFC1ED0674D13FD07354 /* LearningDataArchive.swift */; };
		EB10F6E6BCA7DC87A3867ED2 /* TranslationSettingsView.swift in Sources */ = {isa = PBXBuildFile; fileRef = CD117BC866E3B3B13D75132E /* TranslationSettingsView.swift */; };
		F1757EADD0F88274F57BA1A1 /* LearningDataArchiveTests.swift in Sources */ = {isa = PBXBuildFile; fileRef = B9BE4EAE91AC635283C63A56 /* LearningDataArchiveTests.swift */; };
		F22FCBD2BF7DFC217383662A /* TranslationCacheKey.swift in Sources */ = {isa = PBXBuildFile; fileRef = 333A2FBB41FC174957BE90AC /* TranslationCacheKey.swift */; };
		F539D89126C0C939644058C3 /* ReviewReminderConfigurationStoring.swift in Sources */ = {isa = PBXBuildFile; fileRef = 09EDEA520BED507CB7F61FB5 /* ReviewReminderConfigurationStoring.swift */; };
		F607761A5405D0F202D4B017 /* AppDestination.swift in Sources */ = {isa = PBXBuildFile; fileRef = BD3F7DF048B1E5E6338A2E33 /* AppDestination.swift */; };
		F6816CE3A1183F2ECA75504F /* NormalizedCanonicalForm.swift in Sources */ = {isa = PBXBuildFile; fileRef = F9B35707F44F4914981DD282 /* NormalizedCanonicalForm.swift */; };
/* End PBXBuildFile section */

/* Begin PBXContainerItemProxy section */
		D648DEA7C22610ADD8752310 /* PBXContainerItemProxy */ = {
			isa = PBXContainerItemProxy;
			containerPortal = 25EF6250CCACA8AA5A0EDAF3 /* Project object */;
			proxyType = 1;
			remoteGlobalIDString = 2368F5B8CC5A283AE6BF259B;
			remoteInfo = TranStudy;
		};
/* End PBXContainerItemProxy section */

/* Begin PBXFileReference section */
		0024E9DFCF4F67D5F18251B6 /* DeepSeekTranslationProviderTests.swift */ = {isa = PBXFileReference; lastKnownFileType = sourcecode.swift; path = DeepSeekTranslationProviderTests.swift; sourceTree = "<group>"; };
		00DF6DAE5933C308DFECC564 /* ReviewReminderMonitorTests.swift */ = {isa = PBXFileReference; lastKnownFileType = sourcecode.swift; path = ReviewReminderMonitorTests.swift; sourceTree = "<group>"; };
		0107B42BEC4FF8B96FE60E43 /* LearningEncounterRecord.swift */ = {isa = PBXFileReference; lastKnownFileType = sourcecode.swift; path = LearningEncounterRecord.swift; sourceTree = "<group>"; };
		01410761EE739EA302307FDB /* TranslationCacheStoreTests.swift */ = {isa = PBXFileReference; lastKnownFileType = sourcecode.swift; path = TranslationCacheStoreTests.swift; sourceTree = "<group>"; };
		01DEC940DB22AFA858DA3B0F /* ApplicationEnvironment.swift */ = {isa = PBXFileReference; lastKnownFileType = sourcecode.swift; path = ApplicationEnvironment.swift; sourceTree = "<group>"; };
		0385CAB2D40DE27E96DA6336 /* SystemAccessibilityAuthorizer.swift */ = {isa = PBXFileReference; lastKnownFileType = sourcecode.swift; path = SystemAccessibilityAuthorizer.swift; sourceTree = "<group>"; };
		08EAE6B2DE1E20EB372CA3B9 /* LanguageAndSpeechPreferences.swift */ = {isa = PBXFileReference; lastKnownFileType = sourcecode.swift; path = LanguageAndSpeechPreferences.swift; sourceTree = "<group>"; };
		09EDEA520BED507CB7F61FB5 /* ReviewReminderConfigurationStoring.swift */ = {isa = PBXFileReference; lastKnownFileType = sourcecode.swift; path = ReviewReminderConfigurationStoring.swift; sourceTree = "<group>"; };
		0D753284A34D16933C313ACD /* SystemSpeechPlayer.swift */ = {isa = PBXFileReference; lastKnownFileType = sourcecode.swift; path = SystemSpeechPlayer.swift; sourceTree = "<group>"; };
		0E6A2510EA1EBFD2CD7850E8 /* ReviewReminderConfigurationStoreTests.swift */ = {isa = PBXFileReference; lastKnownFileType = sourcecode.swift; path = ReviewReminderConfigurationStoreTests.swift; sourceTree = "<group>"; };
		0EDFA17B8138F7B3A2FC49ED /* TranslationProviderConfiguration.swift */ = {isa = PBXFileReference; lastKnownFileType = sourcecode.swift; path = TranslationProviderConfiguration.swift; sourceTree = "<group>"; };
		1093EEE58D21A15DBE04BED3 /* UserDefaultsReviewReminderConfigurationStore.swift */ = {isa = PBXFileReference; lastKnownFileType = sourcecode.swift; path = UserDefaultsReviewReminderConfigurationStore.swift; sourceTree = "<group>"; };
		12B58481EB43665280DA0ABE /* JSONFileDocument.swift */ = {isa = PBXFileReference; lastKnownFileType = sourcecode.swift; path = JSONFileDocument.swift; sourceTree = "<group>"; };
		168D7D41B32B163C90782A1C /* ApplicationLifecycleTests.swift */ = {isa = PBXFileReference; lastKnownFileType = sourcecode.swift; path = ApplicationLifecycleTests.swift; sourceTree = "<group>"; };
		17BE30085B3E542EBAA70D66 /* FileTranslationCacheStore.swift */ = {isa = PBXFileReference; lastKnownFileType = sourcecode.swift; path = FileTranslationCacheStore.swift; sourceTree = "<group>"; };
		17DC4D9CDBDF6CD4445B1596 /* SystemSelectionEventMonitor.swift */ = {isa = PBXFileReference; lastKnownFileType = sourcecode.swift; path = SystemSelectionEventMonitor.swift; sourceTree = "<group>"; };
		18E287D38C24C68E00F50B1B /* TranslationTextNormalizer.swift */ = {isa = PBXFileReference; lastKnownFileType = sourcecode.swift; path = TranslationTextNormalizer.swift; sourceTree = "<group>"; };
		1B2332215B11112DCD342C24 /* TranslationPanelView.swift */ = {isa = PBXFileReference; lastKnownFileType = sourcecode.swift; path = TranslationPanelView.swift; sourceTree = "<group>"; };
		1CF79C69333D5A17EB44A86F /* PreparationStateStoring.swift */ = {isa = PBXFileReference; lastKnownFileType = sourcecode.swift; path = PreparationStateStoring.swift; sourceTree = "<group>"; };
		1D681D142094206B09400C9F /* OpenAICompatibleTranslationProviderTests.swift */ = {isa = PBXFileReference; lastKnownFileType = sourcecode.swift; path = OpenAICompatibleTranslationProviderTests.swift; sourceTree = "<group>"; };
		2301BC5DCDA1295502BC91BC /* SwiftDataLearningStoreTests.swift */ = {isa = PBXFileReference; lastKnownFileType = sourcecode.swift; path = SwiftDataLearningStoreTests.swift; sourceTree = "<group>"; };
		24E8EFBBBE46D8EE3E8A3EFA /* SystemReviewNotifier.swift */ = {isa = PBXFileReference; lastKnownFileType = sourcecode.swift; path = SystemReviewNotifier.swift; sourceTree = "<group>"; };
		26CC690BDB5024386A008977 /* LanguageAndSpeechPreferencesStoring.swift */ = {isa = PBXFileReference; lastKnownFileType = sourcecode.swift; path = LanguageAndSpeechPreferencesStoring.swift; sourceTree = "<group>"; };
		27A499FF37BA0EBF7FA1FCB1 /* TranslationPanelPositionStoring.swift */ = {isa = PBXFileReference; lastKnownFileType = sourcecode.swift; path = TranslationPanelPositionStoring.swift; sourceTree = "<group>"; };
		29D89020FC50C5D7B244ADBA /* ReviewEventRecord.swift */ = {isa = PBXFileReference; lastKnownFileType = sourcecode.swift; path = ReviewEventRecord.swift; sourceTree = "<group>"; };
		2D80D74ACAD1EE8D4CDBE04F /* SelectionInteractionController.swift */ = {isa = PBXFileReference; lastKnownFileType = sourcecode.swift; path = SelectionInteractionController.swift; sourceTree = "<group>"; };
		32CC39E341951F8FA3BAF36B /* PreparationAuthorizationStatus.swift */ = {isa = PBXFileReference; lastKnownFileType = sourcecode.swift; path = PreparationAuthorizationStatus.swift; sourceTree = "<group>"; };
		333A2FBB41FC174957BE90AC /* TranslationCacheKey.swift */ = {isa = PBXFileReference; lastKnownFileType = sourcecode.swift; path = TranslationCacheKey.swift; sourceTree = "<group>"; };
		37A14EFDAED5A88AD69E8876 /* DebugEnvironmentAPIKeyStoreTests.swift */ = {isa = PBXFileReference; lastKnownFileType = sourcecode.swift; path = DebugEnvironmentAPIKeyStoreTests.swift; sourceTree = "<group>"; };
		3B9AD4FA6759148ACAC9F430 /* SwiftDataLearningStore.swift */ = {isa = PBXFileReference; lastKnownFileType = sourcecode.swift; path = SwiftDataLearningStore.swift; sourceTree = "<group>"; };
		41B966A1D5F567119371D2A6 /* TranslationPanelController.swift */ = {isa = PBXFileReference; lastKnownFileType = sourcecode.swift; path = TranslationPanelController.swift; sourceTree = "<group>"; };
		424286180F77266E10247C2D /* en */ = {isa = PBXFileReference; lastKnownFileType = text.plist.strings; name = en; path = en.lproj/Localizable.strings; sourceTree = "<group>"; };
		43E53CB8B638AB399CF642CA /* SystemUpdateChecker.swift */ = {isa = PBXFileReference; lastKnownFileType = sourcecode.swift; path = SystemUpdateChecker.swift; sourceTree = "<group>"; };
		46BE6F842A400F7C618766A7 /* LearningStoreLocationTests.swift */ = {isa = PBXFileReference; lastKnownFileType = sourcecode.swift; path = LearningStoreLocationTests.swift; sourceTree = "<group>"; };
		47B05F425B1609D79265A448 /* DesignSystem.swift */ = {isa = PBXFileReference; lastKnownFileType = sourcecode.swift; path = DesignSystem.swift; sourceTree = "<group>"; };
		48241DB06ACAAE69985BD80E /* APIKeyStoring.swift */ = {isa = PBXFileReference; lastKnownFileType = sourcecode.swift; path = APIKeyStoring.swift; sourceTree = "<group>"; };
		4D3DF5A919583DACB3C3F2C6 /* ApplicationShellTests.swift */ = {isa = PBXFileReference; lastKnownFileType = sourcecode.swift; path = ApplicationShellTests.swift; sourceTree = "<group>"; };
		4D63D38A43EBE4E98305C497 /* ApplicationCoordinator.swift */ = {isa = PBXFileReference; lastKnownFileType = sourcecode.swift; path = ApplicationCoordinator.swift; sourceTree = "<group>"; };
		4EEE85F9735809ED9CD92FA0 /* DiagnosticLogStoreTests.swift */ = {isa = PBXFileReference; lastKnownFileType = sourcecode.swift; path = DiagnosticLogStoreTests.swift; sourceTree = "<group>"; };
		53117D8CA78643C2E15E1ABC /* UserDefaultsTranslationShortcutStore.swift */ = {isa = PBXFileReference; lastKnownFileType = sourcecode.swift; path = UserDefaultsTranslationShortcutStore.swift; sourceTree = "<group>"; };
		54220E6249BBBCCD2010ADBB /* UserDefaultsTranslationPanelPositionStore.swift */ = {isa = PBXFileReference; lastKnownFileType = sourcecode.swift; path = UserDefaultsTranslationPanelPositionStore.swift; sourceTree = "<group>"; };
		571B54B2E6D38AF604F0A9CF /* TranStudyApp.swift */ = {isa = PBXFileReference; lastKnownFileType = sourcecode.swift; path = TranStudyApp.swift; sourceTree = "<group>"; };
		5B489B17CCC07FB23961B83A /* GlobalShortcutMonitor.swift */ = {isa = PBXFileReference; lastKnownFileType = sourcecode.swift; path = GlobalShortcutMonitor.swift; sourceTree = "<group>"; };
		5B52673DF7E3FC2AA53FED9A /* TranslationProviding.swift */ = {isa = PBXFileReference; lastKnownFileType = sourcecode.swift; path = TranslationProviding.swift; sourceTree = "<group>"; };
		5F71CCD90B2FF9FF1E9E09FC /* SentenceCardConfigurationStoring.swift */ = {isa = PBXFileReference; lastKnownFileType = sourcecode.swift; path = SentenceCardConfigurationStoring.swift; sourceTree = "<group>"; };
		6C0375BFD3A789A9355A2D13 /* ReviewReminderMonitor.swift */ = {isa = PBXFileReference; lastKnownFileType = sourcecode.swift; path = ReviewReminderMonitor.swift; sourceTree = "<group>"; };
		6D37C8698D06245D407055E4 /* LongTextTranslationView.swift */ = {isa = PBXFileReference; lastKnownFileType = sourcecode.swift; path = LongTextTranslationView.swift; sourceTree = "<group>"; };
		6E0ABAFDFDC4B32274AB24A0 /* TodayReviewView.swift */ = {isa = PBXFileReference; lastKnownFileType = sourcecode.swift; path = TodayReviewView.swift; sourceTree = "<group>"; };
		7182470FA15D1C73F5FD1C5B /* TranStudy.app */ = {isa = PBXFileReference; explicitFileType = wrapper.application; includeInIndex = 0; path = TranStudy.app; sourceTree = BUILT_PRODUCTS_DIR; };
		750FA4507656C9EEDC4A7999 /* UserDefaultsSelectionConfigurationStore.swift */ = {isa = PBXFileReference; lastKnownFileType = sourcecode.swift; path = UserDefaultsSelectionConfigurationStore.swift; sourceTree = "<group>"; };
		778724745215360323F3F38F /* SelectionControlPrivacyPolicy.swift */ = {isa = PBXFileReference; lastKnownFileType = sourcecode.swift; path = SelectionControlPrivacyPolicy.swift; sourceTree = "<group>"; };
		7BE5A9F38FC1A60D1EDB9DEB /* LoginItemControlling.swift */ = {isa = PBXFileReference; lastKnownFileType = sourcecode.swift; path = LoginItemControlling.swift; sourceTree = "<group>"; };
		7BE84DC09C1B9852BA4B7B22 /* SelectionSentenceContext.swift */ = {isa = PBXFileReference; lastKnownFileType = sourcecode.swift; path = SelectionSentenceContext.swift; sourceTree = "<group>"; };
		813136C4D5EE2C9238A3B45C /* LearningLibraryView.swift */ = {isa = PBXFileReference; lastKnownFileType = sourcecode.swift; path = LearningLibraryView.swift; sourceTree = "<group>"; };
		81A266B23E770317BA37F1EC /* Assets.xcassets */ = {isa = PBXFileReference; lastKnownFileType = folder.assetcatalog; path = Assets.xcassets; sourceTree = "<group>"; };
		83124F4711414F1ACE428F16 /* SelectionConfigurationStoring.swift */ = {isa = PBXFileReference; lastKnownFileType = sourcecode.swift; path = SelectionConfigurationStoring.swift; sourceTree = "<group>"; };
		840AC99294DED14888CA4322 /* ConfiguredTranslationServiceTests.swift */ = {isa = PBXFileReference; lastKnownFileType = sourcecode.swift; path = ConfiguredTranslationServiceTests.swift; sourceTree = "<group>"; };
		84E8389C189D488477B36DB5 /* LearningRecord.swift */ = {isa = PBXFileReference; lastKnownFileType = sourcecode.swift; path = LearningRecord.swift; sourceTree = "<group>"; };
		85F0ABB45046E453F49E09F0 /* ReviewNotifying.swift */ = {isa = PBXFileReference; lastKnownFileType = sourcecode.swift; path = ReviewNotifying.swift; sourceTree = "<group>"; };
		8632578C1137A2F169CC074F /* SelectionIndicatorController.swift */ = {isa = PBXFileReference; lastKnownFileType = sourcecode.swift; path = SelectionIndicatorController.swift; sourceTree = "<group>"; };
		8B1C600B4594EF42D21A39C6 /* TranslationPanelPosition.swift */ = {isa = PBXFileReference; lastKnownFileType = sourcecode.swift; path = TranslationPanelPosition.swift; sourceTree = "<group>"; };
		8BBEFAB9A84D61EA7850826A /* RootView.swift */ = {isa = PBXFileReference; lastKnownFileType = sourcecode.swift; path = RootView.swift; sourceTree = "<group>"; };
		8E1BCBA5EB2560D666584CA7 /* SpeechPlaying.swift */ = {isa = PBXFileReference; lastKnownFileType = sourcecode.swift; path = SpeechPlaying.swift; sourceTree = "<group>"; };
		8FA5B6BED7A5892CBEF9C48E /* TranStudyApplicationDelegate.swift */ = {isa = PBXFileReference; lastKnownFileType = sourcecode.swift; path = TranStudyApplicationDelegate.swift; sourceTree = "<group>"; };
		918F357B179A221F999D70A1 /* FileDiagnosticLogStore.swift */ = {isa = PBXFileReference; lastKnownFileType = sourcecode.swift; path = FileDiagnosticLogStore.swift; sourceTree = "<group>"; };
		9192A6C8D05ED156124578C3 /* AccessibilitySelectionProvider.swift */ = {isa = PBXFileReference; lastKnownFileType = sourcecode.swift; path = AccessibilitySelectionProvider.swift; sourceTree = "<group>"; };
		93491B3DF2455B2CED6EB38E /* KeychainAPIKeyStore.swift */ = {isa = PBXFileReference; lastKnownFileType = sourcecode.swift; path = KeychainAPIKeyStore.swift; sourceTree = "<group>"; };
		93EAADB434DFA7B6CC12680F /* zh-Hans */ = {isa = PBXFileReference; lastKnownFileType = text.plist.strings; name = "zh-Hans"; path = "zh-Hans.lproj/Localizable.strings"; sourceTree = "<group>"; };
		972BA9FBEF39DC13E25CB02E /* TranStudyTests.xctest */ = {isa = PBXFileReference; explicitFileType = wrapper.cfbundle; includeInIndex = 0; path = TranStudyTests.xctest; sourceTree = BUILT_PRODUCTS_DIR; };
		9C17BAA9811F5ACF5D6C6BA7 /* UserDefaultsSentenceCardConfigurationStore.swift */ = {isa = PBXFileReference; lastKnownFileType = sourcecode.swift; path = UserDefaultsSentenceCardConfigurationStore.swift; sourceTree = "<group>"; };
		9E4265F13B01628E06FE8DF1 /* TranslationCacheStoring.swift */ = {isa = PBXFileReference; lastKnownFileType = sourcecode.swift; path = TranslationCacheStoring.swift; sourceTree = "<group>"; };
		9ED465FA4FA58F7386460CBE /* UserDefaultsPreparationStateStore.swift */ = {isa = PBXFileReference; lastKnownFileType = sourcecode.swift; path = UserDefaultsPreparationStateStore.swift; sourceTree = "<group>"; };
		9F2BD06914FCAEF21362D3BA /* TranslationShortcutStoring.swift */ = {isa = PBXFileReference; lastKnownFileType = sourcecode.swift; path = TranslationShortcutStoring.swift; sourceTree = "<group>"; };
		A1D258F951539CAA01183633 /* TranslationPanelPositionTests.swift */ = {isa = PBXFileReference; lastKnownFileType = sourcecode.swift; path = TranslationPanelPositionTests.swift; sourceTree = "<group>"; };
		A6935DF92E5E4BAF4D1C5285 /* TranslationConnectionTesting.swift */ = {isa = PBXFileReference; lastKnownFileType = sourcecode.swift; path = TranslationConnectionTesting.swift; sourceTree = "<group>"; };
		A6CDE06FF6539F55A85447EE /* SelectionControlPrivacyPolicyTests.swift */ = {isa = PBXFileReference; lastKnownFileType = sourcecode.swift; path = SelectionControlPrivacyPolicyTests.swift; sourceTree = "<group>"; };
		A7692C004ACB773D85847B16 /* TranslationServiceSetupView.swift */ = {isa = PBXFileReference; lastKnownFileType = sourcecode.swift; path = TranslationServiceSetupView.swift; sourceTree = "<group>"; };
		AA038E623D46BF1FBE2876E2 /* UserDefaultsLanguageAndSpeechPreferencesStore.swift */ = {isa = PBXFileReference; lastKnownFileType = sourcecode.swift; path = UserDefaultsLanguageAndSpeechPreferencesStore.swift; sourceTree = "<group>"; };
		AD19C73D0303A99267C7149C /* DailyReviewQueueBuilder.swift */ = {isa = PBXFileReference; lastKnownFileType = sourcecode.swift; path = DailyReviewQueueBuilder.swift; sourceTree = "<group>"; };
		AD86F07513671D7779208523 /* SystemLoginItemController.swift */ = {isa = PBXFileReference; lastKnownFileType = sourcecode.swift; path = SystemLoginItemController.swift; sourceTree = "<group>"; };
		AF0BF09CC14F614FF2F26142 /* LearningCustomExampleRecord.swift */ = {isa = PBXFileReference; lastKnownFileType = sourcecode.swift; path = LearningCustomExampleRecord.swift; sourceTree = "<group>"; };
		B0BDB21DE5F588FBC1EFD744 /* DebugEnvironmentAPIKeyStore.swift */ = {isa = PBXFileReference; lastKnownFileType = sourcecode.swift; path = DebugEnvironmentAPIKeyStore.swift; sourceTree = "<group>"; };
		B2C57CF853032E50F7585A2C /* TranStudyMenuBarView.swift */ = {isa = PBXFileReference; lastKnownFileType = sourcecode.swift; path = TranStudyMenuBarView.swift; sourceTree = "<group>"; };
		B2D7D4A04CAA11570C8CADBA /* InMemoryTranslationCacheStore.swift */ = {isa = PBXFileReference; lastKnownFileType = sourcecode.swift; path = InMemoryTranslationCacheStore.swift; sourceTree = "<group>"; };
		B595ED56E0BC50B34B32B21F /* LearningStoreLocation.swift */ = {isa = PBXFileReference; lastKnownFileType = sourcecode.swift; path = LearningStoreLocation.swift; sourceTree = "<group>"; };
		B78F39F9180371FA772AB600 /* ReviewReminderScheduleTests.swift */ = {isa = PBXFileReference; lastKnownFileType = sourcecode.swift; path = ReviewReminderScheduleTests.swift; sourceTree = "<group>"; };
		B98CE2679ABF75913F452472 /* DailyReviewQueueBuilderTests.swift */ = {isa = PBXFileReference; lastKnownFileType = sourcecode.swift; path = DailyReviewQueueBuilderTests.swift; sourceTree = "<group>"; };
		B9BE4EAE91AC635283C63A56 /* LearningDataArchiveTests.swift */ = {isa = PBXFileReference; lastKnownFileType = sourcecode.swift; path = LearningDataArchiveTests.swift; sourceTree = "<group>"; };
		BC58A44C46D02F739F637EEF /* ApplicationShell.swift */ = {isa = PBXFileReference; lastKnownFileType = sourcecode.swift; path = ApplicationShell.swift; sourceTree = "<group>"; };
		BD1BEFC1ED0674D13FD07354 /* LearningDataArchive.swift */ = {isa = PBXFileReference; lastKnownFileType = sourcecode.swift; path = LearningDataArchive.swift; sourceTree = "<group>"; };
		BD3F7DF048B1E5E6338A2E33 /* AppDestination.swift */ = {isa = PBXFileReference; lastKnownFileType = sourcecode.swift; path = AppDestination.swift; sourceTree = "<group>"; };
		BDBF6DF3A81E14589DFA3630 /* zh-Hant */ = {isa = PBXFileReference; lastKnownFileType = text.plist.strings; name = "zh-Hant"; path = "zh-Hant.lproj/Localizable.strings"; sourceTree = "<group>"; };
		C26EDB12D53F4BB00D89F9EB /* SelectionInteractionControllerTests.swift */ = {isa = PBXFileReference; lastKnownFileType = sourcecode.swift; path = SelectionInteractionControllerTests.swift; sourceTree = "<group>"; };
		C2803330DBDEA51E97533D14 /* AppLocalization.swift */ = {isa = PBXFileReference; lastKnownFileType = sourcecode.swift; path = AppLocalization.swift; sourceTree = "<group>"; };
		C2FBE01DE222F6997899416E /* DiagnosticLogging.swift */ = {isa = PBXFileReference; lastKnownFileType = sourcecode.swift; path = DiagnosticLogging.swift; sourceTree = "<group>"; };
		C4B090391F21377B9C6570B1 /* DeepSeekTranslationProvider.swift */ = {isa = PBXFileReference; lastKnownFileType = sourcecode.swift; path = DeepSeekTranslationProvider.swift; sourceTree = "<group>"; };
		C8804912B880D366482CEF64 /* SelectionProviding.swift */ = {isa = PBXFileReference; lastKnownFileType = sourcecode.swift; path = SelectionProviding.swift; sourceTree = "<group>"; };
		C8BE5C0264C96192636A7296 /* TranslationProviderConfigurationStoring.swift */ = {isa = PBXFileReference; lastKnownFileType = sourcecode.swift; path = TranslationProviderConfigurationStoring.swift; sourceTree = "<group>"; };
		CA5D2DF706CCBFEC0F010A86 /* AccessibilityAuthorizing.swift */ = {isa = PBXFileReference; lastKnownFileType = sourcecode.swift; path = AccessibilityAuthorizing.swift; sourceTree = "<group>"; };
		CD117BC866E3B3B13D75132E /* TranslationSettingsView.swift */ = {isa = PBXFileReference; lastKnownFileType = sourcecode.swift; path = TranslationSettingsView.swift; sourceTree = "<group>"; };
		CF92D92AA7B9E9BBB09655AB /* URLSessionHTTPClient.swift */ = {isa = PBXFileReference; lastKnownFileType = sourcecode.swift; path = URLSessionHTTPClient.swift; sourceTree = "<group>"; };
		DA85BFDAE6E5D3B7869595C3 /* ClipboardReading.swift */ = {isa = PBXFileReference; lastKnownFileType = sourcecode.swift; path = ClipboardReading.swift; sourceTree = "<group>"; };
		E2D9430F5290004481CBD408 /* PreviewSupport.swift */ = {isa = PBXFileReference; lastKnownFileType = sourcecode.swift; path = PreviewSupport.swift; sourceTree = "<group>"; };
		E421369785FC34DFCFA96402 /* UserDefaultsTranslationProviderConfigurationStore.swift */ = {isa = PBXFileReference; lastKnownFileType = sourcecode.swift; path = UserDefaultsTranslationProviderConfigurationStore.swift; sourceTree = "<group>"; };
		E73251EDC99994FB0D3DA3EA /* DateProviding.swift */ = {isa = PBXFileReference; lastKnownFileType = sourcecode.swift; path = DateProviding.swift; sourceTree = "<group>"; };
		E73DCFDEBD4D804650233C38 /* SelectionSentenceContextTests.swift */ = {isa = PBXFileReference; lastKnownFileType = sourcecode.swift; path = SelectionSentenceContextTests.swift; sourceTree = "<group>"; };
		E74E0B6A188D1D0D69EAD122 /* ConfiguredTranslationService.swift */ = {isa = PBXFileReference; lastKnownFileType = sourcecode.swift; path = ConfiguredTranslationService.swift; sourceTree = "<group>"; };
		E9E85EEFBB17F23408F30616 /* ReviewReminderSchedule.swift */ = {isa = PBXFileReference; lastKnownFileType = sourcecode.swift; path = ReviewReminderSchedule.swift; sourceTree = "<group>"; };
		EA2D9FF9E7D759F233ACB5DA /* OpenAICompatibleTranslationProvider.swift */ = {isa = PBXFileReference; lastKnownFileType = sourcecode.swift; path = OpenAICompatibleTranslationProvider.swift; sourceTree = "<group>"; };
		EAD0603928223B27E98B195D /* TranslationDraft.swift */ = {isa = PBXFileReference; lastKnownFileType = sourcecode.swift; path = TranslationDraft.swift; sourceTree = "<group>"; };
		EFDDAB013A94CD551A257935 /* TranslationProviderConfigurationTests.swift */ = {isa = PBXFileReference; lastKnownFileType = sourcecode.swift; path = TranslationProviderConfigurationTests.swift; sourceTree = "<group>"; };
		F045DE99B91697C02E17E20B /* HTTPDataLoading.swift */ = {isa = PBXFileReference; lastKnownFileType = sourcecode.swift; path = HTTPDataLoading.swift; sourceTree = "<group>"; };
		F1B3241C16E983ECB719770B /* Info.plist */ = {isa = PBXFileReference; lastKnownFileType = text.plist; path = Info.plist; sourceTree = "<group>"; };
		F3AF1E9DF32FA8F069DFE556 /* OpenAIChatTranslationClient.swift */ = {isa = PBXFileReference; lastKnownFileType = sourcecode.swift; path = OpenAIChatTranslationClient.swift; sourceTree = "<group>"; };
		F4EB3FDCA26C888758B2612B /* UpdateChecking.swift */ = {isa = PBXFileReference; lastKnownFileType = sourcecode.swift; path = UpdateChecking.swift; sourceTree = "<group>"; };
		F9B35707F44F4914981DD282 /* NormalizedCanonicalForm.swift */ = {isa = PBXFileReference; lastKnownFileType = sourcecode.swift; path = NormalizedCanonicalForm.swift; sourceTree = "<group>"; };
		FA42154046F39513A93E8B44 /* InitialPreparationView.swift */ = {isa = PBXFileReference; lastKnownFileType = sourcecode.swift; path = InitialPreparationView.swift; sourceTree = "<group>"; };
		FC301A9843F17C3F82994E40 /* LanguageAndSpeechPreferencesStoreTests.swift */ = {isa = PBXFileReference; lastKnownFileType = sourcecode.swift; path = LanguageAndSpeechPreferencesStoreTests.swift; sourceTree = "<group>"; };
		FDF1A6468F5A38FB8643441B /* LearningStoring.swift */ = {isa = PBXFileReference; lastKnownFileType = sourcecode.swift; path = LearningStoring.swift; sourceTree = "<group>"; };
/* End PBXFileReference section */

/* Begin PBXFrameworksBuildPhase section */
		DB65441EB57E6C663F40CACB /* Frameworks */ = {
			isa = PBXFrameworksBuildPhase;
			buildActionMask = 2147483647;
			files = (
				A58C2D5BD0E45599281AB9F3 /* Sparkle in Frameworks */,
			);
			runOnlyForDeploymentPostprocessing = 0;
		};
/* End PBXFrameworksBuildPhase section */

/* Begin PBXGroup section */
		22668E3E000D812ED4EA464B /* Application */ = {
			isa = PBXGroup;
			children = (
				4D63D38A43EBE4E98305C497 /* ApplicationCoordinator.swift */,
				01DEC940DB22AFA858DA3B0F /* ApplicationEnvironment.swift */,
				BC58A44C46D02F739F637EEF /* ApplicationShell.swift */,
				C2803330DBDEA51E97533D14 /* AppLocalization.swift */,
				AD19C73D0303A99267C7149C /* DailyReviewQueueBuilder.swift */,
				08EAE6B2DE1E20EB372CA3B9 /* LanguageAndSpeechPreferences.swift */,
				BD1BEFC1ED0674D13FD07354 /* LearningDataArchive.swift */,
				F9B35707F44F4914981DD282 /* NormalizedCanonicalForm.swift */,
				32CC39E341951F8FA3BAF36B /* PreparationAuthorizationStatus.swift */,
				6C0375BFD3A789A9355A2D13 /* ReviewReminderMonitor.swift */,
				E9E85EEFBB17F23408F30616 /* ReviewReminderSchedule.swift */,
				2D80D74ACAD1EE8D4CDBE04F /* SelectionInteractionController.swift */,
				7BE84DC09C1B9852BA4B7B22 /* SelectionSentenceContext.swift */,
				333A2FBB41FC174957BE90AC /* TranslationCacheKey.swift */,
				EAD0603928223B27E98B195D /* TranslationDraft.swift */,
				0EDFA17B8138F7B3A2FC49ED /* TranslationProviderConfiguration.swift */,
				18E287D38C24C68E00F50B1B /* TranslationTextNormalizer.swift */,
				4C7A46257717DB77687C19DF /* Ports */,
			);
			path = Application;
			sourceTree = "<group>";
		};
		4C7A46257717DB77687C19DF /* Ports */ = {
			isa = PBXGroup;
			children = (
				CA5D2DF706CCBFEC0F010A86 /* AccessibilityAuthorizing.swift */,
				48241DB06ACAAE69985BD80E /* APIKeyStoring.swift */,
				DA85BFDAE6E5D3B7869595C3 /* ClipboardReading.swift */,
				E73251EDC99994FB0D3DA3EA /* DateProviding.swift */,
				C2FBE01DE222F6997899416E /* DiagnosticLogging.swift */,
				F045DE99B91697C02E17E20B /* HTTPDataLoading.swift */,
				26CC690BDB5024386A008977 /* LanguageAndSpeechPreferencesStoring.swift */,
				FDF1A6468F5A38FB8643441B /* LearningStoring.swift */,
				7BE5A9F38FC1A60D1EDB9DEB /* LoginItemControlling.swift */,
				1CF79C69333D5A17EB44A86F /* PreparationStateStoring.swift */,
				85F0ABB45046E453F49E09F0 /* ReviewNotifying.swift */,
				09EDEA520BED507CB7F61FB5 /* ReviewReminderConfigurationStoring.swift */,
				83124F4711414F1ACE428F16 /* SelectionConfigurationStoring.swift */,
				C8804912B880D366482CEF64 /* SelectionProviding.swift */,
				5F71CCD90B2FF9FF1E9E09FC /* SentenceCardConfigurationStoring.swift */,
				8E1BCBA5EB2560D666584CA7 /* SpeechPlaying.swift */,
				9E4265F13B01628E06FE8DF1 /* TranslationCacheStoring.swift */,
				A6935DF92E5E4BAF4D1C5285 /* TranslationConnectionTesting.swift */,
				27A499FF37BA0EBF7FA1FCB1 /* TranslationPanelPositionStoring.swift */,
				C8BE5C0264C96192636A7296 /* TranslationProviderConfigurationStoring.swift */,
				5B52673DF7E3FC2AA53FED9A /* TranslationProviding.swift */,
				9F2BD06914FCAEF21362D3BA /* TranslationShortcutStoring.swift */,
				F4EB3FDCA26C888758B2612B /* UpdateChecking.swift */,
			);
			path = Ports;
			sourceTree = "<group>";
		};
		4F9BB61EDD64B857E59B93C6 /* Resources */ = {
			isa = PBXGroup;
			children = (
				D15F00EF85EFFEB66C1518F1 /* Localizable.strings */,
			);
			path = Resources;
			sourceTree = "<group>";
		};
		5C976C5596D908AEE1B6A0F2 /* TranStudy */ = {
			isa = PBXGroup;
			children = (
				81A266B23E770317BA37F1EC /* Assets.xcassets */,
				F1B3241C16E983ECB719770B /* Info.plist */,
				571B54B2E6D38AF604F0A9CF /* TranStudyApp.swift */,
				22668E3E000D812ED4EA464B /* Application */,
				E5EBE485BC9A818288E94473 /* Persistence */,
				4F9BB61EDD64B857E59B93C6 /* Resources */,
				8826FEE0CF757E0514CF6443 /* System */,
				894CF67CDEC4F74DAB2BC4EC /* Translation */,
				A697668D4762B1CD604161D9 /* UI */,
			);
			path = TranStudy;
			sourceTree = "<group>";
		};
		83E42A2CAA7671A4542BD704 /* TranStudyTests */ = {
			isa = PBXGroup;
			children = (
				168D7D41B32B163C90782A1C /* ApplicationLifecycleTests.swift */,
				4D3DF5A919583DACB3C3F2C6 /* ApplicationShellTests.swift */,
				840AC99294DED14888CA4322 /* ConfiguredTranslationServiceTests.swift */,
				B98CE2679ABF75913F452472 /* DailyReviewQueueBuilderTests.swift */,
				37A14EFDAED5A88AD69E8876 /* DebugEnvironmentAPIKeyStoreTests.swift */,
				0024E9DFCF4F67D5F18251B6 /* DeepSeekTranslationProviderTests.swift */,
				4EEE85F9735809ED9CD92FA0 /* DiagnosticLogStoreTests.swift */,
				FC301A9843F17C3F82994E40 /* LanguageAndSpeechPreferencesStoreTests.swift */,
				B9BE4EAE91AC635283C63A56 /* LearningDataArchiveTests.swift */,
				46BE6F842A400F7C618766A7 /* LearningStoreLocationTests.swift */,
				1D681D142094206B09400C9F /* OpenAICompatibleTranslationProviderTests.swift */,
				0E6A2510EA1EBFD2CD7850E8 /* ReviewReminderConfigurationStoreTests.swift */,
				00DF6DAE5933C308DFECC564 /* ReviewReminderMonitorTests.swift */,
				B78F39F9180371FA772AB600 /* ReviewReminderScheduleTests.swift */,
				A6CDE06FF6539F55A85447EE /* SelectionControlPrivacyPolicyTests.swift */,
				C26EDB12D53F4BB00D89F9EB /* SelectionInteractionControllerTests.swift */,
				E73DCFDEBD4D804650233C38 /* SelectionSentenceContextTests.swift */,
				2301BC5DCDA1295502BC91BC /* SwiftDataLearningStoreTests.swift */,
				01410761EE739EA302307FDB /* TranslationCacheStoreTests.swift */,
				A1D258F951539CAA01183633 /* TranslationPanelPositionTests.swift */,
				EFDDAB013A94CD551A257935 /* TranslationProviderConfigurationTests.swift */,
			);
			path = TranStudyTests;
			sourceTree = "<group>";
		};
		8826FEE0CF757E0514CF6443 /* System */ = {
			isa = PBXGroup;
			children = (
				9192A6C8D05ED156124578C3 /* AccessibilitySelectionProvider.swift */,
				5B489B17CCC07FB23961B83A /* GlobalShortcutMonitor.swift */,
				778724745215360323F3F38F /* SelectionControlPrivacyPolicy.swift */,
				0385CAB2D40DE27E96DA6336 /* SystemAccessibilityAuthorizer.swift */,
				AD86F07513671D7779208523 /* SystemLoginItemController.swift */,
				24E8EFBBBE46D8EE3E8A3EFA /* SystemReviewNotifier.swift */,
				17DC4D9CDBDF6CD4445B1596 /* SystemSelectionEventMonitor.swift */,
				0D753284A34D16933C313ACD /* SystemSpeechPlayer.swift */,
				43E53CB8B638AB399CF642CA /* SystemUpdateChecker.swift */,
				8FA5B6BED7A5892CBEF9C48E /* TranStudyApplicationDelegate.swift */,
			);
			path = System;
			sourceTree = "<group>";
		};
		894CF67CDEC4F74DAB2BC4EC /* Translation */ = {
			isa = PBXGroup;
			children = (
				E74E0B6A188D1D0D69EAD122 /* ConfiguredTranslationService.swift */,
				C4B090391F21377B9C6570B1 /* DeepSeekTranslationProvider.swift */,
				B2D7D4A04CAA11570C8CADBA /* InMemoryTranslationCacheStore.swift */,
				F3AF1E9DF32FA8F069DFE556 /* OpenAIChatTranslationClient.swift */,
				EA2D9FF9E7D759F233ACB5DA /* OpenAICompatibleTranslationProvider.swift */,
				CF92D92AA7B9E9BBB09655AB /* URLSessionHTTPClient.swift */,
			);
			path = Translation;
			sourceTree = "<group>";
		};
		A697668D4762B1CD604161D9 /* UI */ = {
			isa = PBXGroup;
			children = (
				BD3F7DF048B1E5E6338A2E33 /* AppDestination.swift */,
				47B05F425B1609D79265A448 /* DesignSystem.swift */,
				FA42154046F39513A93E8B44 /* InitialPreparationView.swift */,
				12B58481EB43665280DA0ABE /* JSONFileDocument.swift */,
				813136C4D5EE2C9238A3B45C /* LearningLibraryView.swift */,
				6D37C8698D06245D407055E4 /* LongTextTranslationView.swift */,
				E2D9430F5290004481CBD408 /* PreviewSupport.swift */,
				8BBEFAB9A84D61EA7850826A /* RootView.swift */,
				8632578C1137A2F169CC074F /* SelectionIndicatorController.swift */,
				6E0ABAFDFDC4B32274AB24A0 /* TodayReviewView.swift */,
				41B966A1D5F567119371D2A6 /* TranslationPanelController.swift */,
				8B1C600B4594EF42D21A39C6 /* TranslationPanelPosition.swift */,
				1B2332215B11112DCD342C24 /* TranslationPanelView.swift */,
				A7692C004ACB773D85847B16 /* TranslationServiceSetupView.swift */,
				CD117BC866E3B3B13D75132E /* TranslationSettingsView.swift */,
				B2C57CF853032E50F7585A2C /* TranStudyMenuBarView.swift */,
			);
			path = UI;
			sourceTree = "<group>";
		};
		C7F55275FCDAE3176D36D7EB /* Products */ = {
			isa = PBXGroup;
			children = (
				7182470FA15D1C73F5FD1C5B /* TranStudy.app */,
				972BA9FBEF39DC13E25CB02E /* TranStudyTests.xctest */,
			);
			name = Products;
			sourceTree = "<group>";
		};
		E5EBE485BC9A818288E94473 /* Persistence */ = {
			isa = PBXGroup;
			children = (
				B0BDB21DE5F588FBC1EFD744 /* DebugEnvironmentAPIKeyStore.swift */,
				918F357B179A221F999D70A1 /* FileDiagnosticLogStore.swift */,
				17BE30085B3E542EBAA70D66 /* FileTranslationCacheStore.swift */,
				93491B3DF2455B2CED6EB38E /* KeychainAPIKeyStore.swift */,
				AF0BF09CC14F614FF2F26142 /* LearningCustomExampleRecord.swift */,
				0107B42BEC4FF8B96FE60E43 /* LearningEncounterRecord.swift */,
				84E8389C189D488477B36DB5 /* LearningRecord.swift */,
				B595ED56E0BC50B34B32B21F /* LearningStoreLocation.swift */,
				29D89020FC50C5D7B244ADBA /* ReviewEventRecord.swift */,
				3B9AD4FA6759148ACAC9F430 /* SwiftDataLearningStore.swift */,
				AA038E623D46BF1FBE2876E2 /* UserDefaultsLanguageAndSpeechPreferencesStore.swift */,
				9ED465FA4FA58F7386460CBE /* UserDefaultsPreparationStateStore.swift */,
				1093EEE58D21A15DBE04BED3 /* UserDefaultsReviewReminderConfigurationStore.swift */,
				750FA4507656C9EEDC4A7999 /* UserDefaultsSelectionConfigurationStore.swift */,
				9C17BAA9811F5ACF5D6C6BA7 /* UserDefaultsSentenceCardConfigurationStore.swift */,
				54220E6249BBBCCD2010ADBB /* UserDefaultsTranslationPanelPositionStore.swift */,
				E421369785FC34DFCFA96402 /* UserDefaultsTranslationProviderConfigurationStore.swift */,
				53117D8CA78643C2E15E1ABC /* UserDefaultsTranslationShortcutStore.swift */,
			);
			path = Persistence;
			sourceTree = "<group>";
		};
		FA667EFA89E9E0413DB35D47 = {
			isa = PBXGroup;
			children = (
				5C976C5596D908AEE1B6A0F2 /* TranStudy */,
				83E42A2CAA7671A4542BD704 /* TranStudyTests */,
				C7F55275FCDAE3176D36D7EB /* Products */,
			);
			sourceTree = "<group>";
		};
/* End PBXGroup section */

/* Begin PBXNativeTarget section */
		2368F5B8CC5A283AE6BF259B /* TranStudy */ = {
			isa = PBXNativeTarget;
			buildConfigurationList = 4BF5D96DABDAC4260A3DB95F /* Build configuration list for PBXNativeTarget "TranStudy" */;
			buildPhases = (
				EE9FBBAF81FE2C1B8926CFC5 /* Sources */,
				577CFA7D839CEA1FE62DC42B /* Resources */,
				DB65441EB57E6C663F40CACB /* Frameworks */,
			);
			buildRules = (
			);
			dependencies = (
			);
			name = TranStudy;
			packageProductDependencies = (
				2ABBA5A350DF7E525851BA1B /* Sparkle */,
			);
			productName = TranStudy;
			productReference = 7182470FA15D1C73F5FD1C5B /* TranStudy.app */;
			productType = "com.apple.product-type.application";
		};
		49F72D2C31C0C6BE29326696 /* TranStudyTests */ = {
			isa = PBXNativeTarget;
			buildConfigurationList = EDC7F80E6568F9F5C9CCB09A /* Build configuration list for PBXNativeTarget "TranStudyTests" */;
			buildPhases = (
				441FFDF32F2431D4DA635076 /* Sources */,
			);
			buildRules = (
			);
			dependencies = (
				F680C8BC6649E39BC7F423E3 /* PBXTargetDependency */,
			);
			name = TranStudyTests;
			packageProductDependencies = (
			);
			productName = TranStudyTests;
			productReference = 972BA9FBEF39DC13E25CB02E /* TranStudyTests.xctest */;
			productType = "com.apple.product-type.bundle.unit-test";
		};
/* End PBXNativeTarget section */

/* Begin PBXProject section */
		25EF6250CCACA8AA5A0EDAF3 /* Project object */ = {
			isa = PBXProject;
			attributes = {
				BuildIndependentTargetsInParallel = YES;
				LastUpgradeCheck = 1430;
				TargetAttributes = {
					2368F5B8CC5A283AE6BF259B = {
						DevelopmentTeam = 8HC6J9LU7U;
						ProvisioningStyle = Automatic;
					};
				};
			};
			buildConfigurationList = 3EEC7507755AD67C3A4E9B51 /* Build configuration list for PBXProject "TranStudy" */;
			developmentRegion = "zh-Hans";
			hasScannedForEncodings = 0;
			knownRegions = (
				Base,
				en,
				"zh-Hans",
				"zh-Hant",
			);
			mainGroup = FA667EFA89E9E0413DB35D47;
			minimizedProjectReferenceProxies = 1;
			packageReferences = (
				9C1B7124C241805778603485 /* XCRemoteSwiftPackageReference "Sparkle" */,
			);
			preferredProjectObjectVersion = 77;
			productRefGroup = C7F55275FCDAE3176D36D7EB /* Products */;
			projectDirPath = "";
			projectRoot = "";
			targets = (
				2368F5B8CC5A283AE6BF259B /* TranStudy */,
				49F72D2C31C0C6BE29326696 /* TranStudyTests */,
			);
		};
/* End PBXProject section */

/* Begin PBXResourcesBuildPhase section */
		577CFA7D839CEA1FE62DC42B /* Resources */ = {
			isa = PBXResourcesBuildPhase;
			buildActionMask = 2147483647;
			files = (
				B8CB94CCB664DFF18D8F5E41 /* Assets.xcassets in Resources */,
				B9D8BEF5D238880E2DDBC509 /* Localizable.strings in Resources */,
			);
			runOnlyForDeploymentPostprocessing = 0;
		};
/* End PBXResourcesBuildPhase section */

/* Begin PBXSourcesBuildPhase section */
		441FFDF32F2431D4DA635076 /* Sources */ = {
			isa = PBXSourcesBuildPhase;
			buildActionMask = 2147483647;
			files = (
				4416F9FEFCB230F634CC85D1 /* ApplicationLifecycleTests.swift in Sources */,
				8F59F4365F9465CD580EB45E /* ApplicationShellTests.swift in Sources */,
				47FECDCE68B419E03245C4A0 /* ConfiguredTranslationServiceTests.swift in Sources */,
				77E862F9DB3B5D2061E4B78C /* DailyReviewQueueBuilderTests.swift in Sources */,
				9DF9AC464E6A65F90276F135 /* DebugEnvironmentAPIKeyStoreTests.swift in Sources */,
				B9248E258528A907B24A2AB0 /* DeepSeekTranslationProviderTests.swift in Sources */,
				AC3279EDA5FAB648208A92A9 /* DiagnosticLogStoreTests.swift in Sources */,
				28368906A01C219296FE0F54 /* LanguageAndSpeechPreferencesStoreTests.swift in Sources */,
				F1757EADD0F88274F57BA1A1 /* LearningDataArchiveTests.swift in Sources */,
				837A3D7CE7D992EB6D87BE3A /* LearningStoreLocationTests.swift in Sources */,
				6D9AC012DA735C61A1420CF4 /* OpenAICompatibleTranslationProviderTests.swift in Sources */,
				C2BC3AA1DAD8ECEA07500E91 /* ReviewReminderConfigurationStoreTests.swift in Sources */,
				5EC6737A5DF63A0B1DE00146 /* ReviewReminderMonitorTests.swift in Sources */,
				1ADA6AA4A1EBA7E5ECABA6D1 /* ReviewReminderScheduleTests.swift in Sources */,
				860F99390DBEE14A5C589220 /* SelectionControlPrivacyPolicyTests.swift in Sources */,
				348B1B90B1BF7906020D5DBD /* SelectionInteractionControllerTests.swift in Sources */,
				71D2B93D557A47C6353B2BFD /* SelectionSentenceContextTests.swift in Sources */,
				61C128AAD67D5F92F3436D73 /* SwiftDataLearningStoreTests.swift in Sources */,
				71B0CB64D53D1533D2D1EDD8 /* TranslationCacheStoreTests.swift in Sources */,
				E0195B15A368189D610EE566 /* TranslationPanelPositionTests.swift in Sources */,
				06A8B4CA704849FF3FF39441 /* TranslationProviderConfigurationTests.swift in Sources */,
			);
			runOnlyForDeploymentPostprocessing = 0;
		};
		EE9FBBAF81FE2C1B8926CFC5 /* Sources */ = {
			isa = PBXSourcesBuildPhase;
			buildActionMask = 2147483647;
			files = (
				2FEAAD419AF3CE52E174670A /* APIKeyStoring.swift in Sources */,
				A6F15399CA10D794D7B5B072 /* AccessibilityAuthorizing.swift in Sources */,
				BFCDA145C5497BCFD1064143 /* AccessibilitySelectionProvider.swift in Sources */,
				F607761A5405D0F202D4B017 /* AppDestination.swift in Sources */,
				4523BC113F86F61BFFEFE392 /* AppLocalization.swift in Sources */,
				6872915A60670605AA77624C /* ApplicationCoordinator.swift in Sources */,
				372D1F7B74290F5E47C4C3C8 /* ApplicationEnvironment.swift in Sources */,
				45AD6E5D2E067FE51C723B4D /* ApplicationShell.swift in Sources */,
				62FC5A87AE99346C96701020 /* ClipboardReading.swift in Sources */,
				4F0360E5D629952A4BF60F8A /* ConfiguredTranslationService.swift in Sources */,
				2D5E68D8B26E493F2C07FF38 /* DailyReviewQueueBuilder.swift in Sources */,
				94CE3905FC4A00F9545A9621 /* DateProviding.swift in Sources */,
				9822A5C329E61A7B552B74D3 /* DebugEnvironmentAPIKeyStore.swift in Sources */,
				8B6979F4F5A3A20BA36794BA /* DeepSeekTranslationProvider.swift in Sources */,
				2F0C850E5EF0B4C0C5258038 /* DesignSystem.swift in Sources */,
				71EFD253EE23425C3CAA86EA /* DiagnosticLogging.swift in Sources */,
				32DA080720FAA12B229B7033 /* FileDiagnosticLogStore.swift in Sources */,
				7839DEBA2C757499FEB529E6 /* FileTranslationCacheStore.swift in Sources */,
				276473CFB419F923C4BDBD80 /* GlobalShortcutMonitor.swift in Sources */,
				3FEE9E04446231BEADB9A0D1 /* HTTPDataLoading.swift in Sources */,
				1D068A08DC004EAF0346E8D0 /* InMemoryTranslationCacheStore.swift in Sources */,
				2E70A880215999424C2BF70B /* InitialPreparationView.swift in Sources */,
				8DCE62A0B435A7320F9FF897 /* JSONFileDocument.swift in Sources */,
				584A63660E7D0058D8011979 /* KeychainAPIKeyStore.swift in Sources */,
				3C58F0DB60FABCE9532F5DC6 /* LanguageAndSpeechPreferences.swift in Sources */,
				7817D6097D26AC41BFE830EF /* LanguageAndSpeechPreferencesStoring.swift in Sources */,
				55143423C0937B57109AC6B7 /* LearningCustomExampleRecord.swift in Sources */,
				E3ED3CE74BB7A744BFAA37B6 /* LearningDataArchive.swift in Sources */,
				AE362D87A755D987E198302D /* LearningEncounterRecord.swift in Sources */,
				CFCB5C16A568BA97C7B592F5 /* LearningLibraryView.swift in Sources */,
				A76D820347D2D2AFEC2890B9 /* LearningRecord.swift in Sources */,
				B55E59D42C66F3A600843EC8 /* LearningStoreLocation.swift in Sources */,
				A1EE03E0CFFCA2BFDD311541 /* LearningStoring.swift in Sources */,
				B64A33485150F63433B22B49 /* LoginItemControlling.swift in Sources */,
				5E04BA3FB10AD85ABC18B555 /* LongTextTranslationView.swift in Sources */,
				F6816CE3A1183F2ECA75504F /* NormalizedCanonicalForm.swift in Sources */,
				64084A34512E4EA7D5D73FD0 /* OpenAIChatTranslationClient.swift in Sources */,
				9A7E88D16CE523212E1603A1 /* OpenAICompatibleTranslationProvider.swift in Sources */,
				6E4E19706DF0C6E340819F4C /* PreparationAuthorizationStatus.swift in Sources */,
				42E1F60DF69512D1A4982A16 /* PreparationStateStoring.swift in Sources */,
				93C0518F888C7F59DC03D74B /* PreviewSupport.swift in Sources */,
				D9203CDCF3BE600884219E67 /* ReviewEventRecord.swift in Sources */,
				8156F0FBB03325CB554344A3 /* ReviewNotifying.swift in Sources */,
				F539D89126C0C939644058C3 /* ReviewReminderConfigurationStoring.swift in Sources */,
				071C0FA4C0C9F6F56115C5C5 /* ReviewReminderMonitor.swift in Sources */,
				75DE687C346605A5601B1C19 /* ReviewReminderSchedule.swift in Sources */,
				9F330A62B857FB643842E05C /* RootView.swift in Sources */,
				8CF8A45D3CD198BACDAFBF50 /* SelectionConfigurationStoring.swift in Sources */,
				CEBCE73820531D012DE408B7 /* SelectionControlPrivacyPolicy.swift in Sources */,
				C48521A41BA4DB895E89B06C /* SelectionIndicatorController.swift in Sources */,
				3CE192DE6D4F7A6BE28E0C70 /* SelectionInteractionController.swift in Sources */,
				677D4E83E1506EBD0C39E17C /* SelectionProviding.swift in Sources */,
				43B4B734B604895259934B17 /* SelectionSentenceContext.swift in Sources */,
				C573E5946B00EF714EFA1131 /* SentenceCardConfigurationStoring.swift in Sources */,
				0BF1D32879F653816920DC38 /* SpeechPlaying.swift in Sources */,
				12B658848E4A3253A0CA5979 /* SwiftDataLearningStore.swift in Sources */,
				A17C70D4400CC2C0841F8DCC /* SystemAccessibilityAuthorizer.swift in Sources */,
				B505F81E9E4C381CA14257CB /* SystemLoginItemController.swift in Sources */,
				BBAB3FF1E0F52DFA2ED70554 /* SystemReviewNotifier.swift in Sources */,
				1FB354F789FB9A3F5034C349 /* SystemSelectionEventMonitor.swift in Sources */,
				E1D909B06294062EFA7FF5A7 /* SystemSpeechPlayer.swift in Sources */,
				A551A9D557CDF6AAD5541542 /* SystemUpdateChecker.swift in Sources */,
				1002003979B8288719372594 /* TodayReviewView.swift in Sources */,
				B285870C915EA43E0DF6CFD6 /* TranStudyApp.swift in Sources */,
				28418C46789B0B7AB5722AE6 /* TranStudyApplicationDelegate.swift in Sources */,
				833F58D6913BBE884FB2F816 /* TranStudyMenuBarView.swift in Sources */,
				F22FCBD2BF7DFC217383662A /* TranslationCacheKey.swift in Sources */,
				23CD73E311B3F577AFA45E64 /* TranslationCacheStoring.swift in Sources */,
				3D07EAE932BE1141946A4198 /* TranslationConnectionTesting.swift in Sources */,
				C6EE2787EB58DB6C18860EB6 /* TranslationDraft.swift in Sources */,
				02EF0D00BFBACD2FD5EB9A98 /* TranslationPanelController.swift in Sources */,
				044C8B4E7CD9F12623022A25 /* TranslationPanelPosition.swift in Sources */,
				6F446FC0C62464D89F3B8C4A /* TranslationPanelPositionStoring.swift in Sources */,
				9FB05A1CC653926C04F60176 /* TranslationPanelView.swift in Sources */,
				D7EB2E47DE12E4DA4AFF28E3 /* TranslationProviderConfiguration.swift in Sources */,
				88821573FEF25770D94B02B0 /* TranslationProviderConfigurationStoring.swift in Sources */,
				C7462FE9E4B8B84101F2DF43 /* TranslationProviding.swift in Sources */,
				7693AC2652C4C99CA127B87F /* TranslationServiceSetupView.swift in Sources */,
				EB10F6E6BCA7DC87A3867ED2 /* TranslationSettingsView.swift in Sources */,
				13E2910289DCDD3E9A651B6B /* TranslationShortcutStoring.swift in Sources */,
				018DEF4BD8371867B9948186 /* TranslationTextNormalizer.swift in Sources */,
				CC4CFB5B0FD46AA01BB62F7D /* URLSessionHTTPClient.swift in Sources */,
				4B412C92C935E46F0BF7420D /* UpdateChecking.swift in Sources */,
				329386AC006DB02F7AD0CAFF /* UserDefaultsLanguageAndSpeechPreferencesStore.swift in Sources */,
				A1F4BDF8283277A2439906C1 /* UserDefaultsPreparationStateStore.swift in Sources */,
				B2C27B8FF85F6DDA62E9D246 /* UserDefaultsReviewReminderConfigurationStore.swift in Sources */,
				B673B7C619B55B391532CE34 /* UserDefaultsSelectionConfigurationStore.swift in Sources */,
				1890CA62F7A9E03CF2DC5E2B /* UserDefaultsSentenceCardConfigurationStore.swift in Sources */,
				5A0059377093C5088B0B2E35 /* UserDefaultsTranslationPanelPositionStore.swift in Sources */,
				D55EAEF2B2036470C899AB9B /* UserDefaultsTranslationProviderConfigurationStore.swift in Sources */,
				7CC518EB0F1D77B98C07E3B8 /* UserDefaultsTranslationShortcutStore.swift in Sources */,
			);
			runOnlyForDeploymentPostprocessing = 0;
		};
/* End PBXSourcesBuildPhase section */

/* Begin PBXTargetDependency section */
		F680C8BC6649E39BC7F423E3 /* PBXTargetDependency */ = {
			isa = PBXTargetDependency;
			target = 2368F5B8CC5A283AE6BF259B /* TranStudy */;
			targetProxy = D648DEA7C22610ADD8752310 /* PBXContainerItemProxy */;
		};
/* End PBXTargetDependency section */

/* Begin PBXVariantGroup section */
		D15F00EF85EFFEB66C1518F1 /* Localizable.strings */ = {
			isa = PBXVariantGroup;
			children = (
				424286180F77266E10247C2D /* en */,
				93EAADB434DFA7B6CC12680F /* zh-Hans */,
				BDBF6DF3A81E14589DFA3630 /* zh-Hant */,
			);
			name = Localizable.strings;
			sourceTree = "<group>";
		};
/* End PBXVariantGroup section */

/* Begin XCBuildConfiguration section */
		070BA559DD1A68854E5DBF49 /* Debug */ = {
			isa = XCBuildConfiguration;
			buildSettings = {
				ASSETCATALOG_COMPILER_APPICON_NAME = AppIcon;
				CODE_SIGN_STYLE = Automatic;
				COMBINE_HIDPI_IMAGES = YES;
				CURRENT_PROJECT_VERSION = 5;
				DEVELOPMENT_TEAM = 8HC6J9LU7U;
				ENABLE_HARDENED_RUNTIME = YES;
				INFOPLIST_FILE = TranStudy/Info.plist;
				LD_RUNPATH_SEARCH_PATHS = (
					"$(inherited)",
					"@executable_path/../Frameworks",
				);
				MARKETING_VERSION = 1.0.4;
				PRODUCT_BUNDLE_IDENTIFIER = com.cynicalight.TranStudy;
				PRODUCT_NAME = TranStudy;
				SDKROOT = macosx;
			};
			name = Debug;
		};
		3309D5517524113236667345 /* Debug */ = {
			isa = XCBuildConfiguration;
			buildSettings = {
				ALWAYS_SEARCH_USER_PATHS = NO;
				CLANG_ANALYZER_NONNULL = YES;
				CLANG_ANALYZER_NUMBER_OBJECT_CONVERSION = YES_AGGRESSIVE;
				CLANG_CXX_LANGUAGE_STANDARD = "gnu++14";
				CLANG_CXX_LIBRARY = "libc++";
				CLANG_ENABLE_MODULES = YES;
				CLANG_ENABLE_OBJC_ARC = YES;
				CLANG_ENABLE_OBJC_WEAK = YES;
				CLANG_WARN_BLOCK_CAPTURE_AUTORELEASING = YES;
				CLANG_WARN_BOOL_CONVERSION = YES;
				CLANG_WARN_COMMA = YES;
				CLANG_WARN_CONSTANT_CONVERSION = YES;
				CLANG_WARN_DEPRECATED_OBJC_IMPLEMENTATIONS = YES;
				CLANG_WARN_DIRECT_OBJC_ISA_USAGE = YES_ERROR;
				CLANG_WARN_DOCUMENTATION_COMMENTS = YES;
				CLANG_WARN_EMPTY_BODY = YES;
				CLANG_WARN_ENUM_CONVERSION = YES;
				CLANG_WARN_INFINITE_RECURSION = YES;
				CLANG_WARN_INT_CONVERSION = YES;
				CLANG_WARN_NON_LITERAL_NULL_CONVERSION = YES;
				CLANG_WARN_OBJC_IMPLICIT_RETAIN_SELF = YES;
				CLANG_WARN_OBJC_LITERAL_CONVERSION = YES;
				CLANG_WARN_OBJC_ROOT_CLASS = YES_ERROR;
				CLANG_WARN_QUOTED_INCLUDE_IN_FRAMEWORK_HEADER = YES;
				CLANG_WARN_RANGE_LOOP_ANALYSIS = YES;
				CLANG_WARN_STRICT_PROTOTYPES = YES;
				CLANG_WARN_SUSPICIOUS_MOVE = YES;
				CLANG_WARN_UNGUARDED_AVAILABILITY = YES_AGGRESSIVE;
				CLANG_WARN_UNREACHABLE_CODE = YES;
				CLANG_WARN__DUPLICATE_METHOD_MATCH = YES;
				COPY_PHASE_STRIP = NO;
				DEBUG_INFORMATION_FORMAT = dwarf;
				ENABLE_STRICT_OBJC_MSGSEND = YES;
				ENABLE_TESTABILITY = YES;
				GCC_C_LANGUAGE_STANDARD = gnu11;
				GCC_DYNAMIC_NO_PIC = NO;
				GCC_NO_COMMON_BLOCKS = YES;
				GCC_OPTIMIZATION_LEVEL = 0;
				GCC_PREPROCESSOR_DEFINITIONS = (
					"$(inherited)",
					"DEBUG=1",
				);
				GCC_WARN_64_TO_32_BIT_CONVERSION = YES;
				GCC_WARN_ABOUT_RETURN_TYPE = YES_ERROR;
				GCC_WARN_UNDECLARED_SELECTOR = YES;
				GCC_WARN_UNINITIALIZED_AUTOS = YES_AGGRESSIVE;
				GCC_WARN_UNUSED_FUNCTION = YES;
				GCC_WARN_UNUSED_VARIABLE = YES;
				MACOSX_DEPLOYMENT_TARGET = 14.0;
				MTL_ENABLE_DEBUG_INFO = INCLUDE_SOURCE;
				MTL_FAST_MATH = YES;
				ONLY_ACTIVE_ARCH = YES;
				PRODUCT_NAME = "$(TARGET_NAME)";
				SDKROOT = macosx;
				SWIFT_ACTIVE_COMPILATION_CONDITIONS = DEBUG;
				SWIFT_OPTIMIZATION_LEVEL = "-Onone";
				SWIFT_VERSION = 6.0;
			};
			name = Debug;
		};
		39E599B994B9BF9119A543E5 /* Debug */ = {
			isa = XCBuildConfiguration;
			buildSettings = {
				BUNDLE_LOADER = "$(TEST_HOST)";
				COMBINE_HIDPI_IMAGES = YES;
				GENERATE_INFOPLIST_FILE = YES;
				LD_RUNPATH_SEARCH_PATHS = (
					"$(inherited)",
					"@executable_path/../Frameworks",
					"@loader_path/../Frameworks",
				);
				PRODUCT_BUNDLE_IDENTIFIER = com.cynicalight.TranStudyTests;
				SDKROOT = macosx;
				TEST_HOST = "$(BUILT_PRODUCTS_DIR)/TranStudy.app/Contents/MacOS/TranStudy";
			};
			name = Debug;
		};
		47340009F20D41348ECD00E8 /* Release */ = {
			isa = XCBuildConfiguration;
			buildSettings = {
				ASSETCATALOG_COMPILER_APPICON_NAME = AppIcon;
				CODE_SIGN_STYLE = Automatic;
				COMBINE_HIDPI_IMAGES = YES;
				CURRENT_PROJECT_VERSION = 5;
				DEVELOPMENT_TEAM = 8HC6J9LU7U;
				ENABLE_HARDENED_RUNTIME = YES;
				INFOPLIST_FILE = TranStudy/Info.plist;
				LD_RUNPATH_SEARCH_PATHS = (
					"$(inherited)",
					"@executable_path/../Frameworks",
				);
				MARKETING_VERSION = 1.0.4;
				PRODUCT_BUNDLE_IDENTIFIER = com.cynicalight.TranStudy;
				PRODUCT_NAME = TranStudy;
				SDKROOT = macosx;
			};
			name = Release;
		};
		98B9D41DAC2DA2EC72AAE4C2 /* Release */ = {
			isa = XCBuildConfiguration;
			buildSettings = {
				BUNDLE_LOADER = "$(TEST_HOST)";
				COMBINE_HIDPI_IMAGES = YES;
				GENERATE_INFOPLIST_FILE = YES;
				LD_RUNPATH_SEARCH_PATHS = (
					"$(inherited)",
					"@executable_path/../Frameworks",
					"@loader_path/../Frameworks",
				);
				PRODUCT_BUNDLE_IDENTIFIER = com.cynicalight.TranStudyTests;
				SDKROOT = macosx;
				TEST_HOST = "$(BUILT_PRODUCTS_DIR)/TranStudy.app/Contents/MacOS/TranStudy";
			};
			name = Release;
		};
		C74FE7079F9127D116E3155E /* Release */ = {
			isa = XCBuildConfiguration;
			buildSettings = {
				ALWAYS_SEARCH_USER_PATHS = NO;
				CLANG_ANALYZER_NONNULL = YES;
				CLANG_ANALYZER_NUMBER_OBJECT_CONVERSION = YES_AGGRESSIVE;
				CLANG_CXX_LANGUAGE_STANDARD = "gnu++14";
				CLANG_CXX_LIBRARY = "libc++";
				CLANG_ENABLE_MODULES = YES;
				CLANG_ENABLE_OBJC_ARC = YES;
				CLANG_ENABLE_OBJC_WEAK = YES;
				CLANG_WARN_BLOCK_CAPTURE_AUTORELEASING = YES;
				CLANG_WARN_BOOL_CONVERSION = YES;
				CLANG_WARN_COMMA = YES;
				CLANG_WARN_CONSTANT_CONVERSION = YES;
				CLANG_WARN_DEPRECATED_OBJC_IMPLEMENTATIONS = YES;
				CLANG_WARN_DIRECT_OBJC_ISA_USAGE = YES_ERROR;
				CLANG_WARN_DOCUMENTATION_COMMENTS = YES;
				CLANG_WARN_EMPTY_BODY = YES;
				CLANG_WARN_ENUM_CONVERSION = YES;
				CLANG_WARN_INFINITE_RECURSION = YES;
				CLANG_WARN_INT_CONVERSION = YES;
				CLANG_WARN_NON_LITERAL_NULL_CONVERSION = YES;
				CLANG_WARN_OBJC_IMPLICIT_RETAIN_SELF = YES;
				CLANG_WARN_OBJC_LITERAL_CONVERSION = YES;
				CLANG_WARN_OBJC_ROOT_CLASS = YES_ERROR;
				CLANG_WARN_QUOTED_INCLUDE_IN_FRAMEWORK_HEADER = YES;
				CLANG_WARN_RANGE_LOOP_ANALYSIS = YES;
				CLANG_WARN_STRICT_PROTOTYPES = YES;
				CLANG_WARN_SUSPICIOUS_MOVE = YES;
				CLANG_WARN_UNGUARDED_AVAILABILITY = YES_AGGRESSIVE;
				CLANG_WARN_UNREACHABLE_CODE = YES;
				CLANG_WARN__DUPLICATE_METHOD_MATCH = YES;
				COPY_PHASE_STRIP = NO;
				DEBUG_INFORMATION_FORMAT = "dwarf-with-dsym";
				ENABLE_NS_ASSERTIONS = NO;
				ENABLE_STRICT_OBJC_MSGSEND = YES;
				GCC_C_LANGUAGE_STANDARD = gnu11;
				GCC_NO_COMMON_BLOCKS = YES;
				GCC_WARN_64_TO_32_BIT_CONVERSION = YES;
				GCC_WARN_ABOUT_RETURN_TYPE = YES_ERROR;
				GCC_WARN_UNDECLARED_SELECTOR = YES;
				GCC_WARN_UNINITIALIZED_AUTOS = YES_AGGRESSIVE;
				GCC_WARN_UNUSED_FUNCTION = YES;
				GCC_WARN_UNUSED_VARIABLE = YES;
				MACOSX_DEPLOYMENT_TARGET = 14.0;
				MTL_ENABLE_DEBUG_INFO = NO;
				MTL_FAST_MATH = YES;
				PRODUCT_NAME = "$(TARGET_NAME)";
				SDKROOT = macosx;
				SWIFT_COMPILATION_MODE = wholemodule;
				SWIFT_OPTIMIZATION_LEVEL = "-O";
				SWIFT_VERSION = 6.0;
			};
			name = Release;
		};
/* End XCBuildConfiguration section */

/* Begin XCConfigurationList section */
		3EEC7507755AD67C3A4E9B51 /* Build configuration list for PBXProject "TranStudy" */ = {
			isa = XCConfigurationList;
			buildConfigurations = (
				3309D5517524113236667345 /* Debug */,
				C74FE7079F9127D116E3155E /* Release */,
			);
			defaultConfigurationIsVisible = 0;
			defaultConfigurationName = Debug;
		};
		4BF5D96DABDAC4260A3DB95F /* Build configuration list for PBXNativeTarget "TranStudy" */ = {
			isa = XCConfigurationList;
			buildConfigurations = (
				070BA559DD1A68854E5DBF49 /* Debug */,
				47340009F20D41348ECD00E8 /* Release */,
			);
			defaultConfigurationIsVisible = 0;
			defaultConfigurationName = Debug;
		};
		EDC7F80E6568F9F5C9CCB09A /* Build configuration list for PBXNativeTarget "TranStudyTests" */ = {
			isa = XCConfigurationList;
			buildConfigurations = (
				39E599B994B9BF9119A543E5 /* Debug */,
				98B9D41DAC2DA2EC72AAE4C2 /* Release */,
			);
			defaultConfigurationIsVisible = 0;
			defaultConfigurationName = Debug;
		};
/* End XCConfigurationList section */

/* Begin XCRemoteSwiftPackageReference section */
		9C1B7124C241805778603485 /* XCRemoteSwiftPackageReference "Sparkle" */ = {
			isa = XCRemoteSwiftPackageReference;
			repositoryURL = "https://github.com/sparkle-project/Sparkle";
			requirement = {
				kind = exactVersion;
				version = 2.9.4;
			};
		};
/* End XCRemoteSwiftPackageReference section */

/* Begin XCSwiftPackageProductDependency section */
		2ABBA5A350DF7E525851BA1B /* Sparkle */ = {
			isa = XCSwiftPackageProductDependency;
			package = 9C1B7124C241805778603485 /* XCRemoteSwiftPackageReference "Sparkle" */;
			productName = Sparkle;
		};
/* End XCSwiftPackageProductDependency section */
	};
	rootObject = 25EF6250CCACA8AA5A0EDAF3 /* Project object */;
}
